// !$*UTF8*$!
{
	archiveVersion = 1;
	classes = {
	};
	objectVersion = 51;
	objects = {

/* Begin PBXBuildFile section */
		65455F90243E322000694FB9 /* MainViewUITests.swift in Sources */ = {isa = PBXBuildFile; fileRef = 65455F8F243E322000694FB9 /* MainViewUITests.swift */; };
		6564D8EA243F8EF5006ACBDC /* DetailViewTests.swift in Sources */ = {isa = PBXBuildFile; fileRef = 6564D8E9243F8EF5006ACBDC /* DetailViewTests.swift */; };
		6564D8EC243F909E006ACBDC /* DetailViewControllerTests.swift in Sources */ = {isa = PBXBuildFile; fileRef = 6564D8EB243F909E006ACBDC /* DetailViewControllerTests.swift */; };
		656CF15D243F81720074FC7D /* DetailView.swift in Sources */ = {isa = PBXBuildFile; fileRef = 656CF15B243F81720074FC7D /* DetailView.swift */; };
		656CF15E243F81720074FC7D /* DetailViewController.swift in Sources */ = {isa = PBXBuildFile; fileRef = 656CF15C243F81720074FC7D /* DetailViewController.swift */; };
		656CF161243F853D0074FC7D /* DetailViewUITests.swift in Sources */ = {isa = PBXBuildFile; fileRef = 656CF160243F853D0074FC7D /* DetailViewUITests.swift */; };
		6578A873243F8CA400EC1752 /* MainViewTests.swift in Sources */ = {isa = PBXBuildFile; fileRef = 6578A872243F8CA400EC1752 /* MainViewTests.swift */; };
		657C3503243F91FF00B008FC /* MainViewControllerTests.swift in Sources */ = {isa = PBXBuildFile; fileRef = 657C3502243F91FF00B008FC /* MainViewControllerTests.swift */; };
		658868D1243E2B730078D872 /* AppDelegate.swift in Sources */ = {isa = PBXBuildFile; fileRef = 658868D0243E2B730078D872 /* AppDelegate.swift */; };
		658868D3243E2B730078D872 /* SceneDelegate.swift in Sources */ = {isa = PBXBuildFile; fileRef = 658868D2243E2B730078D872 /* SceneDelegate.swift */; };
		658868DA243E2B730078D872 /* Assets.xcassets in Resources */ = {isa = PBXBuildFile; fileRef = 658868D9243E2B730078D872 /* Assets.xcassets */; };
		658868DD243E2B730078D872 /* LaunchScreen.storyboard in Resources */ = {isa = PBXBuildFile; fileRef = 658868DB243E2B730078D872 /* LaunchScreen.storyboard */; };
		65886901243E2C2B0078D872 /* MainView.swift in Sources */ = {isa = PBXBuildFile; fileRef = 65886900243E2C2B0078D872 /* MainView.swift */; };
		65886906243E2C6F0078D872 /* MainViewController.swift in Sources */ = {isa = PBXBuildFile; fileRef = 65886905243E2C6F0078D872 /* MainViewController.swift */; };
		87CACA86DB22A0FF3FDB74AF /* libPods-ExampleApp.a in Frameworks */ = {isa = PBXBuildFile; fileRef = 015E94EEE204263998E570C8 /* libPods-ExampleApp.a */; };
		965DBD05A70BB65A88BF3AB7 /* Pods_ExampleAppTests.framework in Frameworks */ = {isa = PBXBuildFile; fileRef = 47188CA56F80F8D105E470CA /* Pods_ExampleAppTests.framework */; };
/* End PBXBuildFile section */

/* Begin PBXContainerItemProxy section */
		658868E4243E2B730078D872 /* PBXContainerItemProxy */ = {
			isa = PBXContainerItemProxy;
			containerPortal = 658868C5243E2B730078D872 /* Project object */;
			proxyType = 1;
			remoteGlobalIDString = 658868CC243E2B730078D872;
			remoteInfo = ExampleApp;
		};
		658868EF243E2B730078D872 /* PBXContainerItemProxy */ = {
			isa = PBXContainerItemProxy;
			containerPortal = 658868C5243E2B730078D872 /* Project object */;
			proxyType = 1;
			remoteGlobalIDString = 658868CC243E2B730078D872;
			remoteInfo = ExampleApp;
		};
/* End PBXContainerItemProxy section */

/* Begin PBXFileReference section */
		015E94EEE204263998E570C8 /* libPods-ExampleApp.a */ = {isa = PBXFileReference; explicitFileType = archive.ar; includeInIndex = 0; path = "libPods-ExampleApp.a"; sourceTree = BUILT_PRODUCTS_DIR; };
		0241C55EDB60320827029105 /* Pods-ExampleApp.release.xcconfig */ = {isa = PBXFileReference; includeInIndex = 1; lastKnownFileType = text.xcconfig; name = "Pods-ExampleApp.release.xcconfig"; path = "Target Support Files/Pods-ExampleApp/Pods-ExampleApp.release.xcconfig"; sourceTree = "<group>"; };
		47188CA56F80F8D105E470CA /* Pods_ExampleAppTests.framework */ = {isa = PBXFileReference; explicitFileType = wrapper.framework; includeInIndex = 0; path = Pods_ExampleAppTests.framework; sourceTree = BUILT_PRODUCTS_DIR; };
		5099B5D3ECE78780C03A5BEF /* Pods-ExampleAppTests.debug.xcconfig */ = {isa = PBXFileReference; includeInIndex = 1; lastKnownFileType = text.xcconfig; name = "Pods-ExampleAppTests.debug.xcconfig"; path = "Target Support Files/Pods-ExampleAppTests/Pods-ExampleAppTests.debug.xcconfig"; sourceTree = "<group>"; };
		65455F8F243E322000694FB9 /* MainViewUITests.swift */ = {isa = PBXFileReference; lastKnownFileType = sourcecode.swift; path = MainViewUITests.swift; sourceTree = "<group>"; };
		6564D8E9243F8EF5006ACBDC /* DetailViewTests.swift */ = {isa = PBXFileReference; lastKnownFileType = sourcecode.swift; path = DetailViewTests.swift; sourceTree = "<group>"; };
		6564D8EB243F909E006ACBDC /* DetailViewControllerTests.swift */ = {isa = PBXFileReference; lastKnownFileType = sourcecode.swift; path = DetailViewControllerTests.swift; sourceTree = "<group>"; };
		656CF15B243F81720074FC7D /* DetailView.swift */ = {isa = PBXFileReference; fileEncoding = 4; lastKnownFileType = sourcecode.swift; path = DetailView.swift; sourceTree = "<group>"; };
		656CF15C243F81720074FC7D /* DetailViewController.swift */ = {isa = PBXFileReference; fileEncoding = 4; lastKnownFileType = sourcecode.swift; path = DetailViewController.swift; sourceTree = "<group>"; };
		656CF160243F853D0074FC7D /* DetailViewUITests.swift */ = {isa = PBXFileReference; lastKnownFileType = sourcecode.swift; path = DetailViewUITests.swift; sourceTree = "<group>"; };
		6578A872243F8CA400EC1752 /* MainViewTests.swift */ = {isa = PBXFileReference; lastKnownFileType = sourcecode.swift; path = MainViewTests.swift; sourceTree = "<group>"; };
		657C3502243F91FF00B008FC /* MainViewControllerTests.swift */ = {isa = PBXFileReference; lastKnownFileType = sourcecode.swift; path = MainViewControllerTests.swift; sourceTree = "<group>"; };
		658868CD243E2B730078D872 /* ExampleApp.app */ = {isa = PBXFileReference; explicitFileType = wrapper.application; includeInIndex = 0; path = ExampleApp.app; sourceTree = BUILT_PRODUCTS_DIR; };
		658868D0243E2B730078D872 /* AppDelegate.swift */ = {isa = PBXFileReference; lastKnownFileType = sourcecode.swift; path = AppDelegate.swift; sourceTree = "<group>"; };
		658868D2243E2B730078D872 /* SceneDelegate.swift */ = {isa = PBXFileReference; lastKnownFileType = sourcecode.swift; path = SceneDelegate.swift; sourceTree = "<group>"; };
		658868D9243E2B730078D872 /* Assets.xcassets */ = {isa = PBXFileReference; lastKnownFileType = folder.assetcatalog; path = Assets.xcassets; sourceTree = "<group>"; };
		658868DC243E2B730078D872 /* Base */ = {isa = PBXFileReference; lastKnownFileType = file.storyboard; name = Base; path = Base.lproj/LaunchScreen.storyboard; sourceTree = "<group>"; };
		658868DE243E2B730078D872 /* Info.plist */ = {isa = PBXFileReference; lastKnownFileType = text.plist.xml; path = Info.plist; sourceTree = "<group>"; };
		658868E3243E2B730078D872 /* ExampleAppTests.xctest */ = {isa = PBXFileReference; explicitFileType = wrapper.cfbundle; includeInIndex = 0; path = ExampleAppTests.xctest; sourceTree = BUILT_PRODUCTS_DIR; };
		658868E9243E2B730078D872 /* Info.plist */ = {isa = PBXFileReference; lastKnownFileType = text.plist.xml; path = Info.plist; sourceTree = "<group>"; };
		658868EE243E2B730078D872 /* ExampleAppUITests.xctest */ = {isa = PBXFileReference; explicitFileType = wrapper.cfbundle; includeInIndex = 0; path = ExampleAppUITests.xctest; sourceTree = BUILT_PRODUCTS_DIR; };
		658868F4243E2B730078D872 /* Info.plist */ = {isa = PBXFileReference; lastKnownFileType = text.plist.xml; path = Info.plist; sourceTree = "<group>"; };
		65886900243E2C2B0078D872 /* MainView.swift */ = {isa = PBXFileReference; lastKnownFileType = sourcecode.swift; path = MainView.swift; sourceTree = "<group>"; };
		65886905243E2C6F0078D872 /* MainViewController.swift */ = {isa = PBXFileReference; fileEncoding = 4; lastKnownFileType = sourcecode.swift; name = MainViewController.swift; path = ExampleApp/Main/MainViewController.swift; sourceTree = SOURCE_ROOT; };
		BF6C516BE56F48AAEE2CF4F1 /* Pods-ExampleAppTests.release.xcconfig */ = {isa = PBXFileReference; includeInIndex = 1; lastKnownFileType = text.xcconfig; name = "Pods-ExampleAppTests.release.xcconfig"; path = "Target Support Files/Pods-ExampleAppTests/Pods-ExampleAppTests.release.xcconfig"; sourceTree = "<group>"; };
		C54963A23B901CD035680A9A /* Pods-ExampleApp.debug.xcconfig */ = {isa = PBXFileReference; includeInIndex = 1; lastKnownFileType = text.xcconfig; name = "Pods-ExampleApp.debug.xcconfig"; path = "Target Support Files/Pods-ExampleApp/Pods-ExampleApp.debug.xcconfig"; sourceTree = "<group>"; };
/* End PBXFileReference section */

/* Begin PBXFrameworksBuildPhase section */
		658868CA243E2B730078D872 /* Frameworks */ = {
			isa = PBXFrameworksBuildPhase;
			buildActionMask = 2147483647;
			files = (
				87CACA86DB22A0FF3FDB74AF /* libPods-ExampleApp.a in Frameworks */,
			);
			runOnlyForDeploymentPostprocessing = 0;
		};
		658868E0243E2B730078D872 /* Frameworks */ = {
			isa = PBXFrameworksBuildPhase;
			buildActionMask = 2147483647;
			files = (
				965DBD05A70BB65A88BF3AB7 /* Pods_ExampleAppTests.framework in Frameworks */,
			);
			runOnlyForDeploymentPostprocessing = 0;
		};
		658868EB243E2B730078D872 /* Frameworks */ = {
			isa = PBXFrameworksBuildPhase;
			buildActionMask = 2147483647;
			files = (
			);
			runOnlyForDeploymentPostprocessing = 0;
		};
/* End PBXFrameworksBuildPhase section */

/* Begin PBXGroup section */
		25B40B5DD210F7A3EBB2FDB6 /* Frameworks */ = {
			isa = PBXGroup;
			children = (
				015E94EEE204263998E570C8 /* libPods-ExampleApp.a */,
				47188CA56F80F8D105E470CA /* Pods_ExampleAppTests.framework */,
			);
			name = Frameworks;
			sourceTree = "<group>";
		};
		49F660488795A548C79390F2 /* Pods */ = {
			isa = PBXGroup;
			children = (
				C54963A23B901CD035680A9A /* Pods-ExampleApp.debug.xcconfig */,
				0241C55EDB60320827029105 /* Pods-ExampleApp.release.xcconfig */,
				5099B5D3ECE78780C03A5BEF /* Pods-ExampleAppTests.debug.xcconfig */,
				BF6C516BE56F48AAEE2CF4F1 /* Pods-ExampleAppTests.release.xcconfig */,
			);
			path = Pods;
			sourceTree = "<group>";
		};
		65455F8E243E31EF00694FB9 /* Main */ = {
			isa = PBXGroup;
			children = (
				65455F8F243E322000694FB9 /* MainViewUITests.swift */,
			);
			path = Main;
			sourceTree = "<group>";
		};
		6564D8E8243F8EE6006ACBDC /* Detail */ = {
			isa = PBXGroup;
			children = (
				6564D8E9243F8EF5006ACBDC /* DetailViewTests.swift */,
				6564D8EB243F909E006ACBDC /* DetailViewControllerTests.swift */,
			);
			path = Detail;
			sourceTree = "<group>";
		};
		656CF15A243F81390074FC7D /* Detail */ = {
			isa = PBXGroup;
			children = (
				656CF15C243F81720074FC7D /* DetailViewController.swift */,
				656CF15B243F81720074FC7D /* DetailView.swift */,
			);
			path = Detail;
			sourceTree = "<group>";
		};
		656CF15F243F852D0074FC7D /* Detail */ = {
			isa = PBXGroup;
			children = (
				656CF160243F853D0074FC7D /* DetailViewUITests.swift */,
			);
			path = Detail;
			sourceTree = "<group>";
		};
		6578A871243F8C9200EC1752 /* Main */ = {
			isa = PBXGroup;
			children = (
				6578A872243F8CA400EC1752 /* MainViewTests.swift */,
				657C3502243F91FF00B008FC /* MainViewControllerTests.swift */,
			);
			path = Main;
			sourceTree = "<group>";
		};
		658868C4243E2B730078D872 = {
			isa = PBXGroup;
			children = (
				658868CF243E2B730078D872 /* ExampleApp */,
				658868E6243E2B730078D872 /* ExampleAppTests */,
				658868F1243E2B730078D872 /* ExampleAppUITests */,
				658868CE243E2B730078D872 /* Products */,
				49F660488795A548C79390F2 /* Pods */,
				25B40B5DD210F7A3EBB2FDB6 /* Frameworks */,
			);
			sourceTree = "<group>";
		};
		658868CE243E2B730078D872 /* Products */ = {
			isa = PBXGroup;
			children = (
				658868CD243E2B730078D872 /* ExampleApp.app */,
				658868E3243E2B730078D872 /* ExampleAppTests.xctest */,
				658868EE243E2B730078D872 /* ExampleAppUITests.xctest */,
			);
			name = Products;
			sourceTree = "<group>";
		};
		658868CF243E2B730078D872 /* ExampleApp */ = {
			isa = PBXGroup;
			children = (
				656CF15A243F81390074FC7D /* Detail */,
				65886907243E2C790078D872 /* Main */,
				658868D0243E2B730078D872 /* AppDelegate.swift */,
				658868D2243E2B730078D872 /* SceneDelegate.swift */,
				658868D9243E2B730078D872 /* Assets.xcassets */,
				658868DB243E2B730078D872 /* LaunchScreen.storyboard */,
				658868DE243E2B730078D872 /* Info.plist */,
			);
			path = ExampleApp;
			sourceTree = "<group>";
		};
		658868E6243E2B730078D872 /* ExampleAppTests */ = {
			isa = PBXGroup;
			children = (
				6564D8E8243F8EE6006ACBDC /* Detail */,
				6578A871243F8C9200EC1752 /* Main */,
				658868E9243E2B730078D872 /* Info.plist */,
			);
			path = ExampleAppTests;
			sourceTree = "<group>";
		};
		658868F1243E2B730078D872 /* ExampleAppUITests */ = {
			isa = PBXGroup;
			children = (
				656CF15F243F852D0074FC7D /* Detail */,
				65455F8E243E31EF00694FB9 /* Main */,
				658868F4243E2B730078D872 /* Info.plist */,
			);
			path = ExampleAppUITests;
			sourceTree = "<group>";
		};
		65886907243E2C790078D872 /* Main */ = {
			isa = PBXGroup;
			children = (
				65886905243E2C6F0078D872 /* MainViewController.swift */,
				65886900243E2C2B0078D872 /* MainView.swift */,
			);
			path = Main;
			sourceTree = "<group>";
		};
/* End PBXGroup section */

/* Begin PBXNativeTarget section */
		658868CC243E2B730078D872 /* ExampleApp */ = {
			isa = PBXNativeTarget;
			buildConfigurationList = 658868F7243E2B730078D872 /* Build configuration list for PBXNativeTarget "ExampleApp" */;
			buildPhases = (
				6C09E64B330D6176069BBB61 /* [CP] Check Pods Manifest.lock */,
				658868C9243E2B730078D872 /* Sources */,
				658868CA243E2B730078D872 /* Frameworks */,
				658868CB243E2B730078D872 /* Resources */,
			);
			buildRules = (
			);
			dependencies = (
			);
			name = ExampleApp;
			productName = ExampleApp;
			productReference = 658868CD243E2B730078D872 /* ExampleApp.app */;
			productType = "com.apple.product-type.application";
		};
		658868E2243E2B730078D872 /* ExampleAppTests */ = {
			isa = PBXNativeTarget;
			buildConfigurationList = 658868FA243E2B730078D872 /* Build configuration list for PBXNativeTarget "ExampleAppTests" */;
			buildPhases = (
				3923CD0B497F67B00C5B951F /* [CP] Check Pods Manifest.lock */,
				658868DF243E2B730078D872 /* Sources */,
				658868E0243E2B730078D872 /* Frameworks */,
				658868E1243E2B730078D872 /* Resources */,
				ED4BCD992B64DBDC75C901A6 /* [CP] Embed Pods Frameworks */,
			);
			buildRules = (
			);
			dependencies = (
				658868E5243E2B730078D872 /* PBXTargetDependency */,
			);
			name = ExampleAppTests;
			productName = ExampleAppTests;
			productReference = 658868E3243E2B730078D872 /* ExampleAppTests.xctest */;
			productType = "com.apple.product-type.bundle.unit-test";
		};
		658868ED243E2B730078D872 /* ExampleAppUITests */ = {
			isa = PBXNativeTarget;
			buildConfigurationList = 658868FD243E2B730078D872 /* Build configuration list for PBXNativeTarget "ExampleAppUITests" */;
			buildPhases = (
				658868EA243E2B730078D872 /* Sources */,
				658868EB243E2B730078D872 /* Frameworks */,
				658868EC243E2B730078D872 /* Resources */,
			);
			buildRules = (
			);
			dependencies = (
				658868F0243E2B730078D872 /* PBXTargetDependency */,
			);
			name = ExampleAppUITests;
			productName = ExampleAppUITests;
			productReference = 658868EE243E2B730078D872 /* ExampleAppUITests.xctest */;
			productType = "com.apple.product-type.bundle.ui-testing";
		};
/* End PBXNativeTarget section */

/* Begin PBXProject section */
		658868C5243E2B730078D872 /* Project object */ = {
			isa = PBXProject;
			attributes = {
				LastSwiftUpdateCheck = 1120;
				LastUpgradeCheck = 1120;
				ORGANIZATIONNAME = "Gabriel Mazzei";
				TargetAttributes = {
					658868CC243E2B730078D872 = {
						CreatedOnToolsVersion = 11.2;
					};
					658868E2243E2B730078D872 = {
						CreatedOnToolsVersion = 11.2;
						TestTargetID = 658868CC243E2B730078D872;
					};
					658868ED243E2B730078D872 = {
						CreatedOnToolsVersion = 11.2;
						TestTargetID = 658868CC243E2B730078D872;
					};
				};
			};
			buildConfigurationList = 658868C8243E2B730078D872 /* Build configuration list for PBXProject "ExampleApp" */;
			compatibilityVersion = "Xcode 9.3";
			developmentRegion = en;
			hasScannedForEncodings = 0;
			knownRegions = (
				en,
				Base,
			);
			mainGroup = 658868C4243E2B730078D872;
			productRefGroup = 658868CE243E2B730078D872 /* Products */;
			projectDirPath = "";
			projectRoot = "";
			targets = (
				658868CC243E2B730078D872 /* ExampleApp */,
				658868E2243E2B730078D872 /* ExampleAppTests */,
				658868ED243E2B730078D872 /* ExampleAppUITests */,
			);
		};
/* End PBXProject section */

/* Begin PBXResourcesBuildPhase section */
		658868CB243E2B730078D872 /* Resources */ = {
			isa = PBXResourcesBuildPhase;
			buildActionMask = 2147483647;
			files = (
				658868DD243E2B730078D872 /* LaunchScreen.storyboard in Resources */,
				658868DA243E2B730078D872 /* Assets.xcassets in Resources */,
			);
			runOnlyForDeploymentPostprocessing = 0;
		};
		658868E1243E2B730078D872 /* Resources */ = {
			isa = PBXResourcesBuildPhase;
			buildActionMask = 2147483647;
			files = (
			);
			runOnlyForDeploymentPostprocessing = 0;
		};
		658868EC243E2B730078D872 /* Resources */ = {
			isa = PBXResourcesBuildPhase;
			buildActionMask = 2147483647;
			files = (
			);
			runOnlyForDeploymentPostprocessing = 0;
		};
/* End PBXResourcesBuildPhase section */

/* Begin PBXShellScriptBuildPhase section */
		3923CD0B497F67B00C5B951F /* [CP] Check Pods Manifest.lock */ = {
			isa = PBXShellScriptBuildPhase;
			buildActionMask = 2147483647;
			files = (
			);
			inputFileListPaths = (
			);
			inputPaths = (
				"${PODS_PODFILE_DIR_PATH}/Podfile.lock",
				"${PODS_ROOT}/Manifest.lock",
			);
			name = "[CP] Check Pods Manifest.lock";
			outputFileListPaths = (
			);
			outputPaths = (
				"$(DERIVED_FILE_DIR)/Pods-ExampleAppTests-checkManifestLockResult.txt",
			);
			runOnlyForDeploymentPostprocessing = 0;
			shellPath = /bin/sh;
			shellScript = "diff \"${PODS_PODFILE_DIR_PATH}/Podfile.lock\" \"${PODS_ROOT}/Manifest.lock\" > /dev/null\nif [ $? != 0 ] ; then\n    # print error to STDERR\n    echo \"error: The sandbox is not in sync with the Podfile.lock. Run 'pod install' or update your CocoaPods installation.\" >&2\n    exit 1\nfi\n# This output is used by Xcode 'outputs' to avoid re-running this script phase.\necho \"SUCCESS\" > \"${SCRIPT_OUTPUT_FILE_0}\"\n";
			showEnvVarsInLog = 0;
		};
		6C09E64B330D6176069BBB61 /* [CP] Check Pods Manifest.lock */ = {
			isa = PBXShellScriptBuildPhase;
			buildActionMask = 2147483647;
			files = (
			);
			inputFileListPaths = (
			);
			inputPaths = (
				"${PODS_PODFILE_DIR_PATH}/Podfile.lock",
				"${PODS_ROOT}/Manifest.lock",
			);
			name = "[CP] Check Pods Manifest.lock";
			outputFileListPaths = (
			);
			outputPaths = (
				"$(DERIVED_FILE_DIR)/Pods-ExampleApp-checkManifestLockResult.txt",
			);
			runOnlyForDeploymentPostprocessing = 0;
			shellPath = /bin/sh;
			shellScript = "diff \"${PODS_PODFILE_DIR_PATH}/Podfile.lock\" \"${PODS_ROOT}/Manifest.lock\" > /dev/null\nif [ $? != 0 ] ; then\n    # print error to STDERR\n    echo \"error: The sandbox is not in sync with the Podfile.lock. Run 'pod install' or update your CocoaPods installation.\" >&2\n    exit 1\nfi\n# This output is used by Xcode 'outputs' to avoid re-running this script phase.\necho \"SUCCESS\" > \"${SCRIPT_OUTPUT_FILE_0}\"\n";
			showEnvVarsInLog = 0;
		};
		ED4BCD992B64DBDC75C901A6 /* [CP] Embed Pods Frameworks */ = {
			isa = PBXShellScriptBuildPhase;
			buildActionMask = 2147483647;
			files = (
			);
			inputFileListPaths = (
				"${PODS_ROOT}/Target Support Files/Pods-ExampleAppTests/Pods-ExampleAppTests-frameworks-${CONFIGURATION}-input-files.xcfilelist",
			);
			name = "[CP] Embed Pods Frameworks";
			outputFileListPaths = (
				"${PODS_ROOT}/Target Support Files/Pods-ExampleAppTests/Pods-ExampleAppTests-frameworks-${CONFIGURATION}-output-files.xcfilelist",
			);
			runOnlyForDeploymentPostprocessing = 0;
			shellPath = /bin/sh;
			shellScript = "\"${PODS_ROOT}/Target Support Files/Pods-ExampleAppTests/Pods-ExampleAppTests-frameworks.sh\"\n";
			showEnvVarsInLog = 0;
		};
/* End PBXShellScriptBuildPhase section */

/* Begin PBXSourcesBuildPhase section */
		658868C9243E2B730078D872 /* Sources */ = {
			isa = PBXSourcesBuildPhase;
			buildActionMask = 2147483647;
			files = (
				65886901243E2C2B0078D872 /* MainView.swift in Sources */,
				658868D1243E2B730078D872 /* AppDelegate.swift in Sources */,
				658868D3243E2B730078D872 /* SceneDelegate.swift in Sources */,
				656CF15E243F81720074FC7D /* DetailViewController.swift in Sources */,
				656CF15D243F81720074FC7D /* DetailView.swift in Sources */,
				65886906243E2C6F0078D872 /* MainViewController.swift in Sources */,
			);
			runOnlyForDeploymentPostprocessing = 0;
		};
		658868DF243E2B730078D872 /* Sources */ = {
			isa = PBXSourcesBuildPhase;
			buildActionMask = 2147483647;
			files = (
				6578A873243F8CA400EC1752 /* MainViewTests.swift in Sources */,
				6564D8EA243F8EF5006ACBDC /* DetailViewTests.swift in Sources */,
				6564D8EC243F909E006ACBDC /* DetailViewControllerTests.swift in Sources */,
				657C3503243F91FF00B008FC /* MainViewControllerTests.swift in Sources */,
			);
			runOnlyForDeploymentPostprocessing = 0;
		};
		658868EA243E2B730078D872 /* Sources */ = {
			isa = PBXSourcesBuildPhase;
			buildActionMask = 2147483647;
			files = (
				65455F90243E322000694FB9 /* MainViewUITests.swift in Sources */,
				656CF161243F853D0074FC7D /* DetailViewUITests.swift in Sources */,
			);
			runOnlyForDeploymentPostprocessing = 0;
		};
/* End PBXSourcesBuildPhase section */

/* Begin PBXTargetDependency section */
		658868E5243E2B730078D872 /* PBXTargetDependency */ = {
			isa = PBXTargetDependency;
			target = 658868CC243E2B730078D872 /* ExampleApp */;
			targetProxy = 658868E4243E2B730078D872 /* PBXContainerItemProxy */;
		};
		658868F0243E2B730078D872 /* PBXTargetDependency */ = {
			isa = PBXTargetDependency;
			target = 658868CC243E2B730078D872 /* ExampleApp */;
			targetProxy = 658868EF243E2B730078D872 /* PBXContainerItemProxy */;
		};
/* End PBXTargetDependency section */

/* Begin PBXVariantGroup section */
		658868DB243E2B730078D872 /* LaunchScreen.storyboard */ = {
			isa = PBXVariantGroup;
			children = (
				658868DC243E2B730078D872 /* Base */,
			);
			name = LaunchScreen.storyboard;
			sourceTree = "<group>";
		};
/* End PBXVariantGroup section */

/* Begin XCBuildConfiguration section */
		658868F5243E2B730078D872 /* Debug */ = {
			isa = XCBuildConfiguration;
			buildSettings = {
				ALWAYS_SEARCH_USER_PATHS = NO;
				CLANG_ANALYZER_NONNULL = YES;
				CLANG_ANALYZER_NUMBER_OBJECT_CONVERSION = YES_AGGRESSIVE;
				CLANG_CXX_LANGUAGE_STANDARD = "gnu++14";
				CLANG_CXX_LIBRARY = "libc++";
				CLANG_ENABLE_MODULES = YES;
				CLANG_ENABLE_OBJC_ARC = YES;
				CLANG_ENABLE_OBJC_WEAK = YES;
				CLANG_WARN_BLOCK_CAPTURE_AUTORELEASING = YES;
				CLANG_WARN_BOOL_CONVERSION = YES;
				CLANG_WARN_COMMA = YES;
				CLANG_WARN_CONSTANT_CONVERSION = YES;
				CLANG_WARN_DEPRECATED_OBJC_IMPLEMENTATIONS = YES;
				CLANG_WARN_DIRECT_OBJC_ISA_USAGE = YES_ERROR;
				CLANG_WARN_DOCUMENTATION_COMMENTS = YES;
				CLANG_WARN_EMPTY_BODY = YES;
				CLANG_WARN_ENUM_CONVERSION = YES;
				CLANG_WARN_INFINITE_RECURSION = YES;
				CLANG_WARN_INT_CONVERSION = YES;
				CLANG_WARN_NON_LITERAL_NULL_CONVERSION = YES;
				CLANG_WARN_OBJC_IMPLICIT_RETAIN_SELF = YES;
				CLANG_WARN_OBJC_LITERAL_CONVERSION = YES;
				CLANG_WARN_OBJC_ROOT_CLASS = YES_ERROR;
				CLANG_WARN_RANGE_LOOP_ANALYSIS = YES;
				CLANG_WARN_STRICT_PROTOTYPES = YES;
				CLANG_WARN_SUSPICIOUS_MOVE = YES;
				CLANG_WARN_UNGUARDED_AVAILABILITY = YES_AGGRESSIVE;
				CLANG_WARN_UNREACHABLE_CODE = YES;
				CLANG_WARN__DUPLICATE_METHOD_MATCH = YES;
				COPY_PHASE_STRIP = NO;
				DEBUG_INFORMATION_FORMAT = dwarf;
				ENABLE_STRICT_OBJC_MSGSEND = YES;
				ENABLE_TESTABILITY = YES;
				GCC_C_LANGUAGE_STANDARD = gnu11;
				GCC_DYNAMIC_NO_PIC = NO;
				GCC_NO_COMMON_BLOCKS = YES;
				GCC_OPTIMIZATION_LEVEL = 0;
				GCC_PREPROCESSOR_DEFINITIONS = (
					"DEBUG=1",
					"$(inherited)",
				);
				GCC_WARN_64_TO_32_BIT_CONVERSION = YES;
				GCC_WARN_ABOUT_RETURN_TYPE = YES_ERROR;
				GCC_WARN_UNDECLARED_SELECTOR = YES;
				GCC_WARN_UNINITIALIZED_AUTOS = YES_AGGRESSIVE;
				GCC_WARN_UNUSED_FUNCTION = YES;
				GCC_WARN_UNUSED_VARIABLE = YES;
				IPHONEOS_DEPLOYMENT_TARGET = 13.2;
				MTL_ENABLE_DEBUG_INFO = INCLUDE_SOURCE;
				MTL_FAST_MATH = YES;
				ONLY_ACTIVE_ARCH = YES;
				SDKROOT = iphoneos;
				SWIFT_ACTIVE_COMPILATION_CONDITIONS = DEBUG;
				SWIFT_OPTIMIZATION_LEVEL = "-Onone";
			};
			name = Debug;
		};
		658868F6243E2B730078D872 /* Release */ = {
			isa = XCBuildConfiguration;
			buildSettings = {
				ALWAYS_SEARCH_USER_PATHS = NO;
				CLANG_ANALYZER_NONNULL = YES;
				CLANG_ANALYZER_NUMBER_OBJECT_CONVERSION = YES_AGGRESSIVE;
				CLANG_CXX_LANGUAGE_STANDARD = "gnu++14";
				CLANG_CXX_LIBRARY = "libc++";
				CLANG_ENABLE_MODULES = YES;
				CLANG_ENABLE_OBJC_ARC = YES;
				CLANG_ENABLE_OBJC_WEAK = YES;
				CLANG_WARN_BLOCK_CAPTURE_AUTORELEASING = YES;
				CLANG_WARN_BOOL_CONVERSION = YES;
				CLANG_WARN_COMMA = YES;
				CLANG_WARN_CONSTANT_CONVERSION = YES;
				CLANG_WARN_DEPRECATED_OBJC_IMPLEMENTATIONS = YES;
				CLANG_WARN_DIRECT_OBJC_ISA_USAGE = YES_ERROR;
				CLANG_WARN_DOCUMENTATION_COMMENTS = YES;
				CLANG_WARN_EMPTY_BODY = YES;
				CLANG_WARN_ENUM_CONVERSION = YES;
				CLANG_WARN_INFINITE_RECURSION = YES;
				CLANG_WARN_INT_CONVERSION = YES;
				CLANG_WARN_NON_LITERAL_NULL_CONVERSION = YES;
				CLANG_WARN_OBJC_IMPLICIT_RETAIN_SELF = YES;
				CLANG_WARN_OBJC_LITERAL_CONVERSION = YES;
				CLANG_WARN_OBJC_ROOT_CLASS = YES_ERROR;
				CLANG_WARN_RANGE_LOOP_ANALYSIS = YES;
				CLANG_WARN_STRICT_PROTOTYPES = YES;
				CLANG_WARN_SUSPICIOUS_MOVE = YES;
				CLANG_WARN_UNGUARDED_AVAILABILITY = YES_AGGRESSIVE;
				CLANG_WARN_UNREACHABLE_CODE = YES;
				CLANG_WARN__DUPLICATE_METHOD_MATCH = YES;
				COPY_PHASE_STRIP = NO;
				DEBUG_INFORMATION_FORMAT = "dwarf-with-dsym";
				ENABLE_NS_ASSERTIONS = NO;
				ENABLE_STRICT_OBJC_MSGSEND = YES;
				GCC_C_LANGUAGE_STANDARD = gnu11;
				GCC_NO_COMMON_BLOCKS = YES;
				GCC_WARN_64_TO_32_BIT_CONVERSION = YES;
				GCC_WARN_ABOUT_RETURN_TYPE = YES_ERROR;
				GCC_WARN_UNDECLARED_SELECTOR = YES;
				GCC_WARN_UNINITIALIZED_AUTOS = YES_AGGRESSIVE;
				GCC_WARN_UNUSED_FUNCTION = YES;
				GCC_WARN_UNUSED_VARIABLE = YES;
				IPHONEOS_DEPLOYMENT_TARGET = 13.2;
				MTL_ENABLE_DEBUG_INFO = NO;
				MTL_FAST_MATH = YES;
				SDKROOT = iphoneos;
				SWIFT_COMPILATION_MODE = wholemodule;
				SWIFT_OPTIMIZATION_LEVEL = "-O";
				VALIDATE_PRODUCT = YES;
			};
			name = Release;
		};
		658868F8243E2B730078D872 /* Debug */ = {
			isa = XCBuildConfiguration;
			baseConfigurationReference = C54963A23B901CD035680A9A /* Pods-ExampleApp.debug.xcconfig */;
			buildSettings = {
				ASSETCATALOG_COMPILER_APPICON_NAME = AppIcon;
				CODE_SIGN_STYLE = Automatic;
				INFOPLIST_FILE = ExampleApp/Info.plist;
				LD_RUNPATH_SEARCH_PATHS = (
					"$(inherited)",
					"@executable_path/Frameworks",
				);
				PRODUCT_BUNDLE_IDENTIFIER = wolox.ExampleApp;
				PRODUCT_NAME = "$(TARGET_NAME)";
				SWIFT_VERSION = 5.0;
				TARGETED_DEVICE_FAMILY = "1,2";
			};
			name = Debug;
		};
		658868F9243E2B730078D872 /* Release */ = {
			isa = XCBuildConfiguration;
			baseConfigurationReference = 0241C55EDB60320827029105 /* Pods-ExampleApp.release.xcconfig */;
			buildSettings = {
				ASSETCATALOG_COMPILER_APPICON_NAME = AppIcon;
				CODE_SIGN_STYLE = Automatic;
				INFOPLIST_FILE = ExampleApp/Info.plist;
				LD_RUNPATH_SEARCH_PATHS = (
					"$(inherited)",
					"@executable_path/Frameworks",
				);
				PRODUCT_BUNDLE_IDENTIFIER = wolox.ExampleApp;
				PRODUCT_NAME = "$(TARGET_NAME)";
				SWIFT_VERSION = 5.0;
				TARGETED_DEVICE_FAMILY = "1,2";
			};
			name = Release;
		};
		658868FB243E2B730078D872 /* Debug */ = {
			isa = XCBuildConfiguration;
			baseConfigurationReference = 5099B5D3ECE78780C03A5BEF /* Pods-ExampleAppTests.debug.xcconfig */;
			buildSettings = {
				ALWAYS_EMBED_SWIFT_STANDARD_LIBRARIES = YES;
				BUNDLE_LOADER = "$(TEST_HOST)";
				CODE_SIGN_STYLE = Automatic;
				INFOPLIST_FILE = ExampleAppTests/Info.plist;
				IPHONEOS_DEPLOYMENT_TARGET = 13.2;
				LD_RUNPATH_SEARCH_PATHS = (
					"$(inherited)",
					"@executable_path/Frameworks",
					"@loader_path/Frameworks",
				);
				PRODUCT_BUNDLE_IDENTIFIER = wolox.ExampleAppTests;
				PRODUCT_NAME = "$(TARGET_NAME)";
				SWIFT_VERSION = 5.0;
				TARGETED_DEVICE_FAMILY = "1,2";
				TEST_HOST = "$(BUILT_PRODUCTS_DIR)/ExampleApp.app/ExampleApp";
			};
			name = Debug;
		};
		658868FC243E2B730078D872 /* Release */ = {
			isa = XCBuildConfiguration;
			baseConfigurationReference = BF6C516BE56F48AAEE2CF4F1 /* Pods-ExampleAppTests.release.xcconfig */;
			buildSettings = {
				ALWAYS_EMBED_SWIFT_STANDARD_LIBRARIES = YES;
				BUNDLE_LOADER = "$(TEST_HOST)";
				CODE_SIGN_STYLE = Automatic;
				INFOPLIST_FILE = ExampleAppTests/Info.plist;
				IPHONEOS_DEPLOYMENT_TARGET = 13.2;
				LD_RUNPATH_SEARCH_PATHS = (
					"$(inherited)",
					"@executable_path/Frameworks",
					"@loader_path/Frameworks",
				);
				PRODUCT_BUNDLE_IDENTIFIER = wolox.ExampleAppTests;
				PRODUCT_NAME = "$(TARGET_NAME)";
				SWIFT_VERSION = 5.0;
				TARGETED_DEVICE_FAMILY = "1,2";
				TEST_HOST = "$(BUILT_PRODUCTS_DIR)/ExampleApp.app/ExampleApp";
			};
			name = Release;
		};
		658868FE243E2B730078D872 /* Debug */ = {
			isa = XCBuildConfiguration;
			buildSettings = {
				ALWAYS_EMBED_SWIFT_STANDARD_LIBRARIES = YES;
				CODE_SIGN_STYLE = Automatic;
				INFOPLIST_FILE = ExampleAppUITests/Info.plist;
				LD_RUNPATH_SEARCH_PATHS = (
					"$(inherited)",
					"@executable_path/Frameworks",
					"@loader_path/Frameworks",
				);
				PRODUCT_BUNDLE_IDENTIFIER = wolox.ExampleAppUITests;
				PRODUCT_NAME = "$(TARGET_NAME)";
				SWIFT_VERSION = 5.0;
				TARGETED_DEVICE_FAMILY = "1,2";
				TEST_TARGET_NAME = ExampleApp;
			};
			name = Debug;
		};
		658868FF243E2B730078D872 /* Release */ = {
			isa = XCBuildConfiguration;
			buildSettings = {
				ALWAYS_EMBED_SWIFT_STANDARD_LIBRARIES = YES;
				CODE_SIGN_STYLE = Automatic;
				INFOPLIST_FILE = ExampleAppUITests/Info.plist;
				LD_RUNPATH_SEARCH_PATHS = (
					"$(inherited)",
					"@executable_path/Frameworks",
					"@loader_path/Frameworks",
				);
				PRODUCT_BUNDLE_IDENTIFIER = wolox.ExampleAppUITests;
				PRODUCT_NAME = "$(TARGET_NAME)";
				SWIFT_VERSION = 5.0;
				TARGETED_DEVICE_FAMILY = "1,2";
				TEST_TARGET_NAME = ExampleApp;
			};
			name = Release;
		};
/* End XCBuildConfiguration section */

/* Begin XCConfigurationList section */
		658868C8243E2B730078D872 /* Build configuration list for PBXProject "ExampleApp" */ = {
			isa = XCConfigurationList;
			buildConfigurations = (
				658868F5243E2B730078D872 /* Debug */,
				658868F6243E2B730078D872 /* Release */,
			);
			defaultConfigurationIsVisible = 0;
			defaultConfigurationName = Release;
		};
		658868F7243E2B730078D872 /* Build configuration list for PBXNativeTarget "ExampleApp" */ = {
			isa = XCConfigurationList;
			buildConfigurations = (
				658868F8243E2B730078D872 /* Debug */,
				658868F9243E2B730078D872 /* Release */,
			);
			defaultConfigurationIsVisible = 0;
			defaultConfigurationName = Release;
		};
		658868FA243E2B730078D872 /* Build configuration list for PBXNativeTarget "ExampleAppTests" */ = {
			isa = XCConfigurationList;
			buildConfigurations = (
				658868FB243E2B730078D872 /* Debug */,
				658868FC243E2B730078D872 /* Release */,
			);
			defaultConfigurationIsVisible = 0;
			defaultConfigurationName = Release;
		};
		658868FD243E2B730078D872 /* Build configuration list for PBXNativeTarget "ExampleAppUITests" */ = {
			isa = XCConfigurationList;
			buildConfigurations = (
				658868FE243E2B730078D872 /* Debug */,
				658868FF243E2B730078D872 /* Release */,
			);
			defaultConfigurationIsVisible = 0;
			defaultConfigurationName = Release;
		};
/* End XCConfigurationList section */
	};
	rootObject = 658868C5243E2B730078D872 /* Project object */;
}
